// !$*UTF8*$!
{
	archiveVersion = 1;
	classes = {
	};
	objectVersion = 46;
	objects = {

/* Begin PBXBuildFile section */
		773BE77BB8D455F4238477EE /* Pods_books.framework in Frameworks */ = {isa = PBXBuildFile; fileRef = BC0C47C5ABA07B340E7B2C8E /* Pods_books.framework */; };
		DD4801851DE6B64D00386316 /* 导航-个人信息1@2x.png in Resources */ = {isa = PBXBuildFile; fileRef = DD4801701DE6B64D00386316 /* 导航-个人信息1@2x.png */; };
		DD4801861DE6B64D00386316 /* 导航-个人信息2@2x.png in Resources */ = {isa = PBXBuildFile; fileRef = DD4801711DE6B64D00386316 /* 导航-个人信息2@2x.png */; };
		DD4801871DE6B64D00386316 /* 导航-活动中心1@2x.png in Resources */ = {isa = PBXBuildFile; fileRef = DD4801721DE6B64D00386316 /* 导航-活动中心1@2x.png */; };
		DD4801881DE6B64D00386316 /* 导航-活动中心2@2x.png in Resources */ = {isa = PBXBuildFile; fileRef = DD4801731DE6B64D00386316 /* 导航-活动中心2@2x.png */; };
		DD4801891DE6B64D00386316 /* 导航-直播1@2x.png in Resources */ = {isa = PBXBuildFile; fileRef = DD4801741DE6B64D00386316 /* 导航-直播1@2x.png */; };
		DD48018A1DE6B64D00386316 /* 导航-直播2@2x.png in Resources */ = {isa = PBXBuildFile; fileRef = DD4801751DE6B64D00386316 /* 导航-直播2@2x.png */; };
		DD48018B1DE6B64D00386316 /* 导航-资源中心1@2x.png in Resources */ = {isa = PBXBuildFile; fileRef = DD4801761DE6B64D00386316 /* 导航-资源中心1@2x.png */; };
		DD48018C1DE6B64D00386316 /* 导航-资源中心2@2x.png in Resources */ = {isa = PBXBuildFile; fileRef = DD4801771DE6B64D00386316 /* 导航-资源中心2@2x.png */; };
		DD48019A1DE6BAD500386316 /* book.jpg in Resources */ = {isa = PBXBuildFile; fileRef = DD48018E1DE6BAD500386316 /* book.jpg */; };
		DD48019B1DE6BAD500386316 /* icon-29.png in Resources */ = {isa = PBXBuildFile; fileRef = DD48018F1DE6BAD500386316 /* icon-29.png */; };
		DD48019C1DE6BAD500386316 /* icon-29@2x.png in Resources */ = {isa = PBXBuildFile; fileRef = DD4801901DE6BAD500386316 /* icon-29@2x.png */; };
		DD48019D1DE6BAD500386316 /* icon-40@2x.png in Resources */ = {isa = PBXBuildFile; fileRef = DD4801911DE6BAD500386316 /* icon-40@2x.png */; };
		DD48019E1DE6BAD500386316 /* icon-57.png in Resources */ = {isa = PBXBuildFile; fileRef = DD4801921DE6BAD500386316 /* icon-57.png */; };
		DD48019F1DE6BAD500386316 /* icon-57@2x.png in Resources */ = {isa = PBXBuildFile; fileRef = DD4801931DE6BAD500386316 /* icon-57@2x.png */; };
		DD4801A01DE6BAD500386316 /* icon-60@2x.png in Resources */ = {isa = PBXBuildFile; fileRef = DD4801941DE6BAD500386316 /* icon-60@2x.png */; };
		DD4801A11DE6BAD500386316 /* icon-60@3x.png in Resources */ = {isa = PBXBuildFile; fileRef = DD4801951DE6BAD500386316 /* icon-60@3x.png */; };
		DD4801A21DE6BAD500386316 /* icon-72.png in Resources */ = {isa = PBXBuildFile; fileRef = DD4801961DE6BAD500386316 /* icon-72.png */; };
		DD4801A31DE6BAD500386316 /* icon-72@2x.png in Resources */ = {isa = PBXBuildFile; fileRef = DD4801971DE6BAD500386316 /* icon-72@2x.png */; };
		DD4801A41DE6BAD500386316 /* icon-76.png in Resources */ = {isa = PBXBuildFile; fileRef = DD4801981DE6BAD500386316 /* icon-76.png */; };
		DD4801A51DE6BAD500386316 /* icon-76@2x.png in Resources */ = {isa = PBXBuildFile; fileRef = DD4801991DE6BAD500386316 /* icon-76@2x.png */; };
		DD4801AF1DE6BE8600386316 /* Default-568h@2x.png in Resources */ = {isa = PBXBuildFile; fileRef = DD4801A61DE6BE8600386316 /* Default-568h@2x.png */; };
		DD4801B01DE6BE8600386316 /* Default-Land-hd55.png in Resources */ = {isa = PBXBuildFile; fileRef = DD4801A71DE6BE8600386316 /* Default-Land-hd55.png */; };
		DD4801B11DE6BE8600386316 /* Default-Landscape-ns.png in Resources */ = {isa = PBXBuildFile; fileRef = DD4801A81DE6BE8600386316 /* Default-Landscape-ns.png */; };
		DD4801B21DE6BE8600386316 /* Default-Landscape-ns@2x.png in Resources */ = {isa = PBXBuildFile; fileRef = DD4801A91DE6BE8600386316 /* Default-Landscape-ns@2x.png */; };
		DD4801B31DE6BE8600386316 /* Default-Port-hd47.png in Resources */ = {isa = PBXBuildFile; fileRef = DD4801AA1DE6BE8600386316 /* Default-Port-hd47.png */; };
		DD4801B41DE6BE8600386316 /* Default-Port-hd55.png in Resources */ = {isa = PBXBuildFile; fileRef = DD4801AB1DE6BE8600386316 /* Default-Port-hd55.png */; };
		DD4801B51DE6BE8600386316 /* Default-Portrait-ns.png in Resources */ = {isa = PBXBuildFile; fileRef = DD4801AC1DE6BE8600386316 /* Default-Portrait-ns.png */; };
		DD4801B61DE6BE8600386316 /* Default-Portrait-ns@2x.png in Resources */ = {isa = PBXBuildFile; fileRef = DD4801AD1DE6BE8600386316 /* Default-Portrait-ns@2x.png */; };
		DD4801B71DE6BE8600386316 /* Default@2x.png in Resources */ = {isa = PBXBuildFile; fileRef = DD4801AE1DE6BE8600386316 /* Default@2x.png */; };
		DDEC5B181DE6817600DC3E05 /* AppDelegate.swift in Sources */ = {isa = PBXBuildFile; fileRef = DDEC5B171DE6817600DC3E05 /* AppDelegate.swift */; };
		DDEC5B1A1DE6817600DC3E05 /* ViewController.swift in Sources */ = {isa = PBXBuildFile; fileRef = DDEC5B191DE6817600DC3E05 /* ViewController.swift */; };
		DDEC5B1D1DE6817600DC3E05 /* Main.storyboard in Resources */ = {isa = PBXBuildFile; fileRef = DDEC5B1B1DE6817600DC3E05 /* Main.storyboard */; };
		DDEC5B1F1DE6817600DC3E05 /* Assets.xcassets in Resources */ = {isa = PBXBuildFile; fileRef = DDEC5B1E1DE6817600DC3E05 /* Assets.xcassets */; };
		DDEC5B221DE6817600DC3E05 /* LaunchScreen.storyboard in Resources */ = {isa = PBXBuildFile; fileRef = DDEC5B201DE6817600DC3E05 /* LaunchScreen.storyboard */; };
		DDEC5B2D1DE6817600DC3E05 /* booksTests.swift in Sources */ = {isa = PBXBuildFile; fileRef = DDEC5B2C1DE6817600DC3E05 /* booksTests.swift */; };
		DDEC5B381DE6817600DC3E05 /* booksUITests.swift in Sources */ = {isa = PBXBuildFile; fileRef = DDEC5B371DE6817600DC3E05 /* booksUITests.swift */; };
/* End PBXBuildFile section */

/* Begin PBXContainerItemProxy section */
		DDEC5B291DE6817600DC3E05 /* PBXContainerItemProxy */ = {
			isa = PBXContainerItemProxy;
			containerPortal = DDEC5B0C1DE6817600DC3E05 /* Project object */;
			proxyType = 1;
			remoteGlobalIDString = DDEC5B131DE6817600DC3E05;
			remoteInfo = books;
		};
		DDEC5B341DE6817600DC3E05 /* PBXContainerItemProxy */ = {
			isa = PBXContainerItemProxy;
			containerPortal = DDEC5B0C1DE6817600DC3E05 /* Project object */;
			proxyType = 1;
			remoteGlobalIDString = DDEC5B131DE6817600DC3E05;
			remoteInfo = books;
		};
/* End PBXContainerItemProxy section */

/* Begin PBXFileReference section */
		575B54D26DAD680FD6DCCE77 /* Pods-books.debug.xcconfig */ = {isa = PBXFileReference; includeInIndex = 1; lastKnownFileType = text.xcconfig; name = "Pods-books.debug.xcconfig"; path = "Pods/Target Support Files/Pods-books/Pods-books.debug.xcconfig"; sourceTree = "<group>"; };
		BC0C47C5ABA07B340E7B2C8E /* Pods_books.framework */ = {isa = PBXFileReference; explicitFileType = wrapper.framework; includeInIndex = 0; path = Pods_books.framework; sourceTree = BUILT_PRODUCTS_DIR; };
		C39D885524F74187B036F944 /* Pods-books.release.xcconfig */ = {isa = PBXFileReference; includeInIndex = 1; lastKnownFileType = text.xcconfig; name = "Pods-books.release.xcconfig"; path = "Pods/Target Support Files/Pods-books/Pods-books.release.xcconfig"; sourceTree = "<group>"; };
		DD4801701DE6B64D00386316 /* 导航-个人信息1@2x.png */ = {isa = PBXFileReference; lastKnownFileType = image.png; path = "导航-个人信息1@2x.png"; sourceTree = "<group>"; };
		DD4801711DE6B64D00386316 /* 导航-个人信息2@2x.png */ = {isa = PBXFileReference; lastKnownFileType = image.png; path = "导航-个人信息2@2x.png"; sourceTree = "<group>"; };
		DD4801721DE6B64D00386316 /* 导航-活动中心1@2x.png */ = {isa = PBXFileReference; lastKnownFileType = image.png; path = "导航-活动中心1@2x.png"; sourceTree = "<group>"; };
		DD4801731DE6B64D00386316 /* 导航-活动中心2@2x.png */ = {isa = PBXFileReference; lastKnownFileType = image.png; path = "导航-活动中心2@2x.png"; sourceTree = "<group>"; };
		DD4801741DE6B64D00386316 /* 导航-直播1@2x.png */ = {isa = PBXFileReference; lastKnownFileType = image.png; path = "导航-直播1@2x.png"; sourceTree = "<group>"; };
		DD4801751DE6B64D00386316 /* 导航-直播2@2x.png */ = {isa = PBXFileReference; lastKnownFileType = image.png; path = "导航-直播2@2x.png"; sourceTree = "<group>"; };
		DD4801761DE6B64D00386316 /* 导航-资源中心1@2x.png */ = {isa = PBXFileReference; lastKnownFileType = image.png; path = "导航-资源中心1@2x.png"; sourceTree = "<group>"; };
		DD4801771DE6B64D00386316 /* 导航-资源中心2@2x.png */ = {isa = PBXFileReference; lastKnownFileType = image.png; path = "导航-资源中心2@2x.png"; sourceTree = "<group>"; };
		DD48018E1DE6BAD500386316 /* book.jpg */ = {isa = PBXFileReference; lastKnownFileType = image.jpeg; path = book.jpg; sourceTree = "<group>"; };
		DD48018F1DE6BAD500386316 /* icon-29.png */ = {isa = PBXFileReference; lastKnownFileType = image.png; path = "icon-29.png"; sourceTree = "<group>"; };
		DD4801901DE6BAD500386316 /* icon-29@2x.png */ = {isa = PBXFileReference; lastKnownFileType = image.png; path = "icon-29@2x.png"; sourceTree = "<group>"; };
		DD4801911DE6BAD500386316 /* icon-40@2x.png */ = {isa = PBXFileReference; lastKnownFileType = image.png; path = "icon-40@2x.png"; sourceTree = "<group>"; };
		DD4801921DE6BAD500386316 /* icon-57.png */ = {isa = PBXFileReference; lastKnownFileType = image.png; path = "icon-57.png"; sourceTree = "<group>"; };
		DD4801931DE6BAD500386316 /* icon-57@2x.png */ = {isa = PBXFileReference; lastKnownFileType = image.png; path = "icon-57@2x.png"; sourceTree = "<group>"; };
		DD4801941DE6BAD500386316 /* icon-60@2x.png */ = {isa = PBXFileReference; lastKnownFileType = image.png; path = "icon-60@2x.png"; sourceTree = "<group>"; };
		DD4801951DE6BAD500386316 /* icon-60@3x.png */ = {isa = PBXFileReference; lastKnownFileType = image.png; path = "icon-60@3x.png"; sourceTree = "<group>"; };
		DD4801961DE6BAD500386316 /* icon-72.png */ = {isa = PBXFileReference; lastKnownFileType = image.png; path = "icon-72.png"; sourceTree = "<group>"; };
		DD4801971DE6BAD500386316 /* icon-72@2x.png */ = {isa = PBXFileReference; lastKnownFileType = image.png; path = "icon-72@2x.png"; sourceTree = "<group>"; };
		DD4801981DE6BAD500386316 /* icon-76.png */ = {isa = PBXFileReference; lastKnownFileType = image.png; path = "icon-76.png"; sourceTree = "<group>"; };
		DD4801991DE6BAD500386316 /* icon-76@2x.png */ = {isa = PBXFileReference; lastKnownFileType = image.png; path = "icon-76@2x.png"; sourceTree = "<group>"; };
		DD4801A61DE6BE8600386316 /* Default-568h@2x.png */ = {isa = PBXFileReference; lastKnownFileType = image.png; path = "Default-568h@2x.png"; sourceTree = "<group>"; };
		DD4801A71DE6BE8600386316 /* Default-Land-hd55.png */ = {isa = PBXFileReference; lastKnownFileType = image.png; path = "Default-Land-hd55.png"; sourceTree = "<group>"; };
		DD4801A81DE6BE8600386316 /* Default-Landscape-ns.png */ = {isa = PBXFileReference; lastKnownFileType = image.png; path = "Default-Landscape-ns.png"; sourceTree = "<group>"; };
		DD4801A91DE6BE8600386316 /* Default-Landscape-ns@2x.png */ = {isa = PBXFileReference; lastKnownFileType = image.png; path = "Default-Landscape-ns@2x.png"; sourceTree = "<group>"; };
		DD4801AA1DE6BE8600386316 /* Default-Port-hd47.png */ = {isa = PBXFileReference; lastKnownFileType = image.png; path = "Default-Port-hd47.png"; sourceTree = "<group>"; };
		DD4801AB1DE6BE8600386316 /* Default-Port-hd55.png */ = {isa = PBXFileReference; lastKnownFileType = image.png; path = "Default-Port-hd55.png"; sourceTree = "<group>"; };
		DD4801AC1DE6BE8600386316 /* Default-Portrait-ns.png */ = {isa = PBXFileReference; lastKnownFileType = image.png; path = "Default-Portrait-ns.png"; sourceTree = "<group>"; };
		DD4801AD1DE6BE8600386316 /* Default-Portrait-ns@2x.png */ = {isa = PBXFileReference; lastKnownFileType = image.png; path = "Default-Portrait-ns@2x.png"; sourceTree = "<group>"; };
		DD4801AE1DE6BE8600386316 /* Default@2x.png */ = {isa = PBXFileReference; lastKnownFileType = image.png; path = "Default@2x.png"; sourceTree = "<group>"; };
		DDEC5B141DE6817600DC3E05 /* books.app */ = {isa = PBXFileReference; explicitFileType = wrapper.application; includeInIndex = 0; path = books.app; sourceTree = BUILT_PRODUCTS_DIR; };
		DDEC5B171DE6817600DC3E05 /* AppDelegate.swift */ = {isa = PBXFileReference; lastKnownFileType = sourcecode.swift; path = AppDelegate.swift; sourceTree = "<group>"; };
		DDEC5B191DE6817600DC3E05 /* ViewController.swift */ = {isa = PBXFileReference; lastKnownFileType = sourcecode.swift; path = ViewController.swift; sourceTree = "<group>"; };
		DDEC5B1C1DE6817600DC3E05 /* Base */ = {isa = PBXFileReference; lastKnownFileType = file.storyboard; name = Base; path = Base.lproj/Main.storyboard; sourceTree = "<group>"; };
		DDEC5B1E1DE6817600DC3E05 /* Assets.xcassets */ = {isa = PBXFileReference; lastKnownFileType = folder.assetcatalog; path = Assets.xcassets; sourceTree = "<group>"; };
		DDEC5B211DE6817600DC3E05 /* Base */ = {isa = PBXFileReference; lastKnownFileType = file.storyboard; name = Base; path = Base.lproj/LaunchScreen.storyboard; sourceTree = "<group>"; };
		DDEC5B231DE6817600DC3E05 /* Info.plist */ = {isa = PBXFileReference; lastKnownFileType = text.plist.xml; path = Info.plist; sourceTree = "<group>"; };
		DDEC5B281DE6817600DC3E05 /* booksTests.xctest */ = {isa = PBXFileReference; explicitFileType = wrapper.cfbundle; includeInIndex = 0; path = booksTests.xctest; sourceTree = BUILT_PRODUCTS_DIR; };
		DDEC5B2C1DE6817600DC3E05 /* booksTests.swift */ = {isa = PBXFileReference; lastKnownFileType = sourcecode.swift; path = booksTests.swift; sourceTree = "<group>"; };
		DDEC5B2E1DE6817600DC3E05 /* Info.plist */ = {isa = PBXFileReference; lastKnownFileType = text.plist.xml; path = Info.plist; sourceTree = "<group>"; };
		DDEC5B331DE6817600DC3E05 /* booksUITests.xctest */ = {isa = PBXFileReference; explicitFileType = wrapper.cfbundle; includeInIndex = 0; path = booksUITests.xctest; sourceTree = BUILT_PRODUCTS_DIR; };
		DDEC5B371DE6817600DC3E05 /* booksUITests.swift */ = {isa = PBXFileReference; lastKnownFileType = sourcecode.swift; path = booksUITests.swift; sourceTree = "<group>"; };
		DDEC5B391DE6817600DC3E05 /* Info.plist */ = {isa = PBXFileReference; lastKnownFileType = text.plist.xml; path = Info.plist; sourceTree = "<group>"; };
/* End PBXFileReference section */

/* Begin PBXFrameworksBuildPhase section */
		DDEC5B111DE6817600DC3E05 /* Frameworks */ = {
			isa = PBXFrameworksBuildPhase;
			buildActionMask = 2147483647;
			files = (
				773BE77BB8D455F4238477EE /* Pods_books.framework in Frameworks */,
			);
			runOnlyForDeploymentPostprocessing = 0;
		};
		DDEC5B251DE6817600DC3E05 /* Frameworks */ = {
			isa = PBXFrameworksBuildPhase;
			buildActionMask = 2147483647;
			files = (
			);
			runOnlyForDeploymentPostprocessing = 0;
		};
		DDEC5B301DE6817600DC3E05 /* Frameworks */ = {
			isa = PBXFrameworksBuildPhase;
			buildActionMask = 2147483647;
			files = (
			);
			runOnlyForDeploymentPostprocessing = 0;
		};
/* End PBXFrameworksBuildPhase section */

/* Begin PBXGroup section */
		2BC4D00FD6C0A304A942F857 /* Pods */ = {
			isa = PBXGroup;
			children = (
				575B54D26DAD680FD6DCCE77 /* Pods-books.debug.xcconfig */,
				C39D885524F74187B036F944 /* Pods-books.release.xcconfig */,
			);
			name = Pods;
			sourceTree = "<group>";
		};
		DD48015F1DE6B64D00386316 /* image */ = {
			isa = PBXGroup;
			children = (
				DD48018D1DE6BAD500386316 /* logo */,
				DD4801601DE6B64D00386316 /* LaunchImage */,
				DD48016F1DE6B64D00386316 /* tarbar */,
			);
			path = image;
			sourceTree = "<group>";
		};
		DD4801601DE6B64D00386316 /* LaunchImage */ = {
			isa = PBXGroup;
			children = (
				DD4801A61DE6BE8600386316 /* Default-568h@2x.png */,
				DD4801A71DE6BE8600386316 /* Default-Land-hd55.png */,
				DD4801A81DE6BE8600386316 /* Default-Landscape-ns.png */,
				DD4801A91DE6BE8600386316 /* Default-Landscape-ns@2x.png */,
				DD4801AA1DE6BE8600386316 /* Default-Port-hd47.png */,
				DD4801AB1DE6BE8600386316 /* Default-Port-hd55.png */,
				DD4801AC1DE6BE8600386316 /* Default-Portrait-ns.png */,
				DD4801AD1DE6BE8600386316 /* Default-Portrait-ns@2x.png */,
				DD4801AE1DE6BE8600386316 /* Default@2x.png */,
			);
			path = LaunchImage;
			sourceTree = "<group>";
		};
		DD48016F1DE6B64D00386316 /* tarbar */ = {
			isa = PBXGroup;
			children = (
				DD4801701DE6B64D00386316 /* 导航-个人信息1@2x.png */,
				DD4801711DE6B64D00386316 /* 导航-个人信息2@2x.png */,
				DD4801721DE6B64D00386316 /* 导航-活动中心1@2x.png */,
				DD4801731DE6B64D00386316 /* 导航-活动中心2@2x.png */,
				DD4801741DE6B64D00386316 /* 导航-直播1@2x.png */,
				DD4801751DE6B64D00386316 /* 导航-直播2@2x.png */,
				DD4801761DE6B64D00386316 /* 导航-资源中心1@2x.png */,
				DD4801771DE6B64D00386316 /* 导航-资源中心2@2x.png */,
			);
			path = tarbar;
			sourceTree = "<group>";
		};
		DD48018D1DE6BAD500386316 /* logo */ = {
			isa = PBXGroup;
			children = (
				DD48018E1DE6BAD500386316 /* book.jpg */,
				DD48018F1DE6BAD500386316 /* icon-29.png */,
				DD4801901DE6BAD500386316 /* icon-29@2x.png */,
				DD4801911DE6BAD500386316 /* icon-40@2x.png */,
				DD4801921DE6BAD500386316 /* icon-57.png */,
				DD4801931DE6BAD500386316 /* icon-57@2x.png */,
				DD4801941DE6BAD500386316 /* icon-60@2x.png */,
				DD4801951DE6BAD500386316 /* icon-60@3x.png */,
				DD4801961DE6BAD500386316 /* icon-72.png */,
				DD4801971DE6BAD500386316 /* icon-72@2x.png */,
				DD4801981DE6BAD500386316 /* icon-76.png */,
				DD4801991DE6BAD500386316 /* icon-76@2x.png */,
			);
			path = logo;
			sourceTree = "<group>";
		};
		DDEC5B0B1DE6817600DC3E05 = {
			isa = PBXGroup;
			children = (
				DDEC5B161DE6817600DC3E05 /* books */,
				DDEC5B2B1DE6817600DC3E05 /* booksTests */,
				DDEC5B361DE6817600DC3E05 /* booksUITests */,
				DDEC5B151DE6817600DC3E05 /* Products */,
				2BC4D00FD6C0A304A942F857 /* Pods */,
				E43B8C132EE7AEF18B80C78E /* Frameworks */,
			);
			sourceTree = "<group>";
		};
		DDEC5B151DE6817600DC3E05 /* Products */ = {
			isa = PBXGroup;
			children = (
				DDEC5B141DE6817600DC3E05 /* books.app */,
				DDEC5B281DE6817600DC3E05 /* booksTests.xctest */,
				DDEC5B331DE6817600DC3E05 /* booksUITests.xctest */,
			);
			name = Products;
			sourceTree = "<group>";
		};
		DDEC5B161DE6817600DC3E05 /* books */ = {
			isa = PBXGroup;
			children = (
				DDEC5B171DE6817600DC3E05 /* AppDelegate.swift */,
				DDEC5B191DE6817600DC3E05 /* ViewController.swift */,
				DDEC5B1B1DE6817600DC3E05 /* Main.storyboard */,
				DDEC5B1E1DE6817600DC3E05 /* Assets.xcassets */,
				DDEC5B201DE6817600DC3E05 /* LaunchScreen.storyboard */,
				DDEC5B231DE6817600DC3E05 /* Info.plist */,
				DD48015F1DE6B64D00386316 /* image */,
			);
			path = books;
			sourceTree = "<group>";
		};
		DDEC5B2B1DE6817600DC3E05 /* booksTests */ = {
			isa = PBXGroup;
			children = (
				DDEC5B2C1DE6817600DC3E05 /* booksTests.swift */,
				DDEC5B2E1DE6817600DC3E05 /* Info.plist */,
			);
			path = booksTests;
			sourceTree = "<group>";
		};
		DDEC5B361DE6817600DC3E05 /* booksUITests */ = {
			isa = PBXGroup;
			children = (
				DDEC5B371DE6817600DC3E05 /* booksUITests.swift */,
				DDEC5B391DE6817600DC3E05 /* Info.plist */,
			);
			path = booksUITests;
			sourceTree = "<group>";
		};
		E43B8C132EE7AEF18B80C78E /* Frameworks */ = {
			isa = PBXGroup;
			children = (
				BC0C47C5ABA07B340E7B2C8E /* Pods_books.framework */,
			);
			name = Frameworks;
			sourceTree = "<group>";
		};
/* End PBXGroup section */

/* Begin PBXNativeTarget section */
		DDEC5B131DE6817600DC3E05 /* books */ = {
			isa = PBXNativeTarget;
			buildConfigurationList = DDEC5B3C1DE6817600DC3E05 /* Build configuration list for PBXNativeTarget "books" */;
			buildPhases = (
				C5D8100C31A48683EB17A7C4 /* [CP] Check Pods Manifest.lock */,
				DDEC5B101DE6817600DC3E05 /* Sources */,
				DDEC5B111DE6817600DC3E05 /* Frameworks */,
				DDEC5B121DE6817600DC3E05 /* Resources */,
				DE9BC9D0AD50F3A3F04021C4 /* [CP] Embed Pods Frameworks */,
				88EDC130B3592B18A468A113 /* [CP] Copy Pods Resources */,
			);
			buildRules = (
			);
			dependencies = (
			);
			name = books;
			productName = books;
			productReference = DDEC5B141DE6817600DC3E05 /* books.app */;
			productType = "com.apple.product-type.application";
		};
		DDEC5B271DE6817600DC3E05 /* booksTests */ = {
			isa = PBXNativeTarget;
			buildConfigurationList = DDEC5B3F1DE6817600DC3E05 /* Build configuration list for PBXNativeTarget "booksTests" */;
			buildPhases = (
				DDEC5B241DE6817600DC3E05 /* Sources */,
				DDEC5B251DE6817600DC3E05 /* Frameworks */,
				DDEC5B261DE6817600DC3E05 /* Resources */,
			);
			buildRules = (
			);
			dependencies = (
				DDEC5B2A1DE6817600DC3E05 /* PBXTargetDependency */,
			);
			name = booksTests;
			productName = booksTests;
			productReference = DDEC5B281DE6817600DC3E05 /* booksTests.xctest */;
			productType = "com.apple.product-type.bundle.unit-test";
		};
		DDEC5B321DE6817600DC3E05 /* booksUITests */ = {
			isa = PBXNativeTarget;
			buildConfigurationList = DDEC5B421DE6817600DC3E05 /* Build configuration list for PBXNativeTarget "booksUITests" */;
			buildPhases = (
				DDEC5B2F1DE6817600DC3E05 /* Sources */,
				DDEC5B301DE6817600DC3E05 /* Frameworks */,
				DDEC5B311DE6817600DC3E05 /* Resources */,
			);
			buildRules = (
			);
			dependencies = (
				DDEC5B351DE6817600DC3E05 /* PBXTargetDependency */,
			);
			name = booksUITests;
			productName = booksUITests;
			productReference = DDEC5B331DE6817600DC3E05 /* booksUITests.xctest */;
			productType = "com.apple.product-type.bundle.ui-testing";
		};
/* End PBXNativeTarget section */

/* Begin PBXProject section */
		DDEC5B0C1DE6817600DC3E05 /* Project object */ = {
			isa = PBXProject;
			attributes = {
				LastSwiftUpdateCheck = 0730;
				LastUpgradeCheck = 0730;
				ORGANIZATIONNAME = liuguyang;
				TargetAttributes = {
					DDEC5B131DE6817600DC3E05 = {
						CreatedOnToolsVersion = 7.3.1;
					};
					DDEC5B271DE6817600DC3E05 = {
						CreatedOnToolsVersion = 7.3.1;
						TestTargetID = DDEC5B131DE6817600DC3E05;
					};
					DDEC5B321DE6817600DC3E05 = {
						CreatedOnToolsVersion = 7.3.1;
						TestTargetID = DDEC5B131DE6817600DC3E05;
					};
				};
			};
			buildConfigurationList = DDEC5B0F1DE6817600DC3E05 /* Build configuration list for PBXProject "books" */;
			compatibilityVersion = "Xcode 3.2";
			developmentRegion = English;
			hasScannedForEncodings = 0;
			knownRegions = (
				en,
				Base,
			);
			mainGroup = DDEC5B0B1DE6817600DC3E05;
			productRefGroup = DDEC5B151DE6817600DC3E05 /* Products */;
			projectDirPath = "";
			projectRoot = "";
			targets = (
				DDEC5B131DE6817600DC3E05 /* books */,
				DDEC5B271DE6817600DC3E05 /* booksTests */,
				DDEC5B321DE6817600DC3E05 /* booksUITests */,
			);
		};
/* End PBXProject section */

/* Begin PBXResourcesBuildPhase section */
		DDEC5B121DE6817600DC3E05 /* Resources */ = {
			isa = PBXResourcesBuildPhase;
			buildActionMask = 2147483647;
			files = (
				DDEC5B221DE6817600DC3E05 /* LaunchScreen.storyboard in Resources */,
				DD48019F1DE6BAD500386316 /* icon-57@2x.png in Resources */,
				DD48019B1DE6BAD500386316 /* icon-29.png in Resources */,
				DD4801891DE6B64D00386316 /* 导航-直播1@2x.png in Resources */,
				DD48019D1DE6BAD500386316 /* icon-40@2x.png in Resources */,
				DD4801AF1DE6BE8600386316 /* Default-568h@2x.png in Resources */,
				DD4801A21DE6BAD500386316 /* icon-72.png in Resources */,
				DD48019A1DE6BAD500386316 /* book.jpg in Resources */,
				DDEC5B1F1DE6817600DC3E05 /* Assets.xcassets in Resources */,
				DD4801A31DE6BAD500386316 /* icon-72@2x.png in Resources */,
				DD4801B11DE6BE8600386316 /* Default-Landscape-ns.png in Resources */,
				DD4801B01DE6BE8600386316 /* Default-Land-hd55.png in Resources */,
				DD4801871DE6B64D00386316 /* 导航-活动中心1@2x.png in Resources */,
				DD4801B61DE6BE8600386316 /* Default-Portrait-ns@2x.png in Resources */,
				DD4801A51DE6BAD500386316 /* icon-76@2x.png in Resources */,
				DD4801A11DE6BAD500386316 /* icon-60@3x.png in Resources */,
				DD4801B71DE6BE8600386316 /* Default@2x.png in Resources */,
				DD4801A41DE6BAD500386316 /* icon-76.png in Resources */,
				DD48019C1DE6BAD500386316 /* icon-29@2x.png in Resources */,
				DD4801B51DE6BE8600386316 /* Default-Portrait-ns.png in Resources */,
				DD4801881DE6B64D00386316 /* 导航-活动中心2@2x.png in Resources */,
				DD48018C1DE6B64D00386316 /* 导航-资源中心2@2x.png in Resources */,
				DD4801A01DE6BAD500386316 /* icon-60@2x.png in Resources */,
				DD48018B1DE6B64D00386316 /* 导航-资源中心1@2x.png in Resources */,
				DD4801861DE6B64D00386316 /* 导航-个人信息2@2x.png in Resources */,
				DDEC5B1D1DE6817600DC3E05 /* Main.storyboard in Resources */,
				DD48018A1DE6B64D00386316 /* 导航-直播2@2x.png in Resources */,
				DD4801B41DE6BE8600386316 /* Default-Port-hd55.png in Resources */,
				DD48019E1DE6BAD500386316 /* icon-57.png in Resources */,
				DD4801B21DE6BE8600386316 /* Default-Landscape-ns@2x.png in Resources */,
				DD4801851DE6B64D00386316 /* 导航-个人信息1@2x.png in Resources */,
				DD4801B31DE6BE8600386316 /* Default-Port-hd47.png in Resources */,
			);
			runOnlyForDeploymentPostprocessing = 0;
		};
		DDEC5B261DE6817600DC3E05 /* Resources */ = {
			isa = PBXResourcesBuildPhase;
			buildActionMask = 2147483647;
			files = (
			);
			runOnlyForDeploymentPostprocessing = 0;
		};
		DDEC5B311DE6817600DC3E05 /* Resources */ = {
			isa = PBXResourcesBuildPhase;
			buildActionMask = 2147483647;
			files = (
			);
			runOnlyForDeploymentPostprocessing = 0;
		};
/* End PBXResourcesBuildPhase section */

/* Begin PBXShellScriptBuildPhase section */
		88EDC130B3592B18A468A113 /* [CP] Copy Pods Resources */ = {
			isa = PBXShellScriptBuildPhase;
			buildActionMask = 2147483647;
			files = (
			);
			inputPaths = (
			);
			name = "[CP] Copy Pods Resources";
			outputPaths = (
			);
			runOnlyForDeploymentPostprocessing = 0;
			shellPath = /bin/sh;
			shellScript = "\"${SRCROOT}/Pods/Target Support Files/Pods-books/Pods-books-resources.sh\"\n";
			showEnvVarsInLog = 0;
		};
		C5D8100C31A48683EB17A7C4 /* [CP] Check Pods Manifest.lock */ = {
			isa = PBXShellScriptBuildPhase;
			buildActionMask = 2147483647;
			files = (
			);
			inputPaths = (
			);
			name = "[CP] Check Pods Manifest.lock";
			outputPaths = (
			);
			runOnlyForDeploymentPostprocessing = 0;
			shellPath = /bin/sh;
			shellScript = "diff \"${PODS_ROOT}/../Podfile.lock\" \"${PODS_ROOT}/Manifest.lock\" > /dev/null\nif [[ $? != 0 ]] ; then\n    cat << EOM\nerror: The sandbox is not in sync with the Podfile.lock. Run 'pod install' or update your CocoaPods installation.\nEOM\n    exit 1\nfi\n";
			showEnvVarsInLog = 0;
		};
		DE9BC9D0AD50F3A3F04021C4 /* [CP] Embed Pods Frameworks */ = {
			isa = PBXShellScriptBuildPhase;
			buildActionMask = 2147483647;
			files = (
			);
			inputPaths = (
			);
			name = "[CP] Embed Pods Frameworks";
			outputPaths = (
			);
			runOnlyForDeploymentPostprocessing = 0;
			shellPath = /bin/sh;
			shellScript = "\"${SRCROOT}/Pods/Target Support Files/Pods-books/Pods-books-frameworks.sh\"\n";
			showEnvVarsInLog = 0;
		};
/* End PBXShellScriptBuildPhase section */

/* Begin PBXSourcesBuildPhase section */
		DDEC5B101DE6817600DC3E05 /* Sources */ = {
			isa = PBXSourcesBuildPhase;
			buildActionMask = 2147483647;
			files = (
				DDEC5B1A1DE6817600DC3E05 /* ViewController.swift in Sources */,
				DDEC5B181DE6817600DC3E05 /* AppDelegate.swift in Sources */,
			);
			runOnlyForDeploymentPostprocessing = 0;
		};
		DDEC5B241DE6817600DC3E05 /* Sources */ = {
			isa = PBXSourcesBuildPhase;
			buildActionMask = 2147483647;
			files = (
				DDEC5B2D1DE6817600DC3E05 /* booksTests.swift in Sources */,
			);
			runOnlyForDeploymentPostprocessing = 0;
		};
		DDEC5B2F1DE6817600DC3E05 /* Sources */ = {
			isa = PBXSourcesBuildPhase;
			buildActionMask = 2147483647;
			files = (
				DDEC5B381DE6817600DC3E05 /* booksUITests.swift in Sources */,
			);
			runOnlyForDeploymentPostprocessing = 0;
		};
/* End PBXSourcesBuildPhase section */

/* Begin PBXTargetDependency section */
		DDEC5B2A1DE6817600DC3E05 /* PBXTargetDependency */ = {
			isa = PBXTargetDependency;
			target = DDEC5B131DE6817600DC3E05 /* books */;
			targetProxy = DDEC5B291DE6817600DC3E05 /* PBXContainerItemProxy */;
		};
		DDEC5B351DE6817600DC3E05 /* PBXTargetDependency */ = {
			isa = PBXTargetDependency;
			target = DDEC5B131DE6817600DC3E05 /* books */;
			targetProxy = DDEC5B341DE6817600DC3E05 /* PBXContainerItemProxy */;
		};
/* End PBXTargetDependency section */

/* Begin PBXVariantGroup section */
		DDEC5B1B1DE6817600DC3E05 /* Main.storyboard */ = {
			isa = PBXVariantGroup;
			children = (
				DDEC5B1C1DE6817600DC3E05 /* Base */,
			);
			name = Main.storyboard;
			sourceTree = "<group>";
		};
		DDEC5B201DE6817600DC3E05 /* LaunchScreen.storyboard */ = {
			isa = PBXVariantGroup;
			children = (
				DDEC5B211DE6817600DC3E05 /* Base */,
			);
			name = LaunchScreen.storyboard;
			sourceTree = "<group>";
		};
/* End PBXVariantGroup section */

/* Begin XCBuildConfiguration section */
		DDEC5B3A1DE6817600DC3E05 /* Debug */ = {
			isa = XCBuildConfiguration;
			buildSettings = {
				ALWAYS_SEARCH_USER_PATHS = NO;
				CLANG_ANALYZER_NONNULL = YES;
				CLANG_CXX_LANGUAGE_STANDARD = "gnu++0x";
				CLANG_CXX_LIBRARY = "libc++";
				CLANG_ENABLE_MODULES = YES;
				CLANG_ENABLE_OBJC_ARC = YES;
				CLANG_WARN_BOOL_CONVERSION = YES;
				CLANG_WARN_CONSTANT_CONVERSION = YES;
				CLANG_WARN_DIRECT_OBJC_ISA_USAGE = YES_ERROR;
				CLANG_WARN_EMPTY_BODY = YES;
				CLANG_WARN_ENUM_CONVERSION = YES;
				CLANG_WARN_INT_CONVERSION = YES;
				CLANG_WARN_OBJC_ROOT_CLASS = YES_ERROR;
				CLANG_WARN_UNREACHABLE_CODE = YES;
				CLANG_WARN__DUPLICATE_METHOD_MATCH = YES;
				"CODE_SIGN_IDENTITY[sdk=iphoneos*]" = "iPhone Developer";
				COPY_PHASE_STRIP = NO;
				DEBUG_INFORMATION_FORMAT = dwarf;
				ENABLE_STRICT_OBJC_MSGSEND = YES;
				ENABLE_TESTABILITY = YES;
				GCC_C_LANGUAGE_STANDARD = gnu99;
				GCC_DYNAMIC_NO_PIC = NO;
				GCC_NO_COMMON_BLOCKS = YES;
				GCC_OPTIMIZATION_LEVEL = 0;
				GCC_PREPROCESSOR_DEFINITIONS = (
					"DEBUG=1",
					"$(inherited)",
				);
				GCC_WARN_64_TO_32_BIT_CONVERSION = YES;
				GCC_WARN_ABOUT_RETURN_TYPE = YES_ERROR;
				GCC_WARN_UNDECLARED_SELECTOR = YES;
				GCC_WARN_UNINITIALIZED_AUTOS = YES_AGGRESSIVE;
				GCC_WARN_UNUSED_FUNCTION = YES;
				GCC_WARN_UNUSED_VARIABLE = YES;
				IPHONEOS_DEPLOYMENT_TARGET = 9.3;
				MTL_ENABLE_DEBUG_INFO = YES;
				ONLY_ACTIVE_ARCH = YES;
				SDKROOT = iphoneos;
				SWIFT_OPTIMIZATION_LEVEL = "-Onone";
			};
			name = Debug;
		};
		DDEC5B3B1DE6817600DC3E05 /* Release */ = {
			isa = XCBuildConfiguration;
			buildSettings = {
				ALWAYS_SEARCH_USER_PATHS = NO;
				CLANG_ANALYZER_NONNULL = YES;
				CLANG_CXX_LANGUAGE_STANDARD = "gnu++0x";
				CLANG_CXX_LIBRARY = "libc++";
				CLANG_ENABLE_MODULES = YES;
				CLANG_ENABLE_OBJC_ARC = YES;
				CLANG_WARN_BOOL_CONVERSION = YES;
				CLANG_WARN_CONSTANT_CONVERSION = YES;
				CLANG_WARN_DIRECT_OBJC_ISA_USAGE = YES_ERROR;
				CLANG_WARN_EMPTY_BODY = YES;
				CLANG_WARN_ENUM_CONVERSION = YES;
				CLANG_WARN_INT_CONVERSION = YES;
				CLANG_WARN_OBJC_ROOT_CLASS = YES_ERROR;
				CLANG_WARN_UNREACHABLE_CODE = YES;
				CLANG_WARN__DUPLICATE_METHOD_MATCH = YES;
				"CODE_SIGN_IDENTITY[sdk=iphoneos*]" = "iPhone Developer";
				COPY_PHASE_STRIP = NO;
				DEBUG_INFORMATION_FORMAT = "dwarf-with-dsym";
				ENABLE_NS_ASSERTIONS = NO;
				ENABLE_STRICT_OBJC_MSGSEND = YES;
				GCC_C_LANGUAGE_STANDARD = gnu99;
				GCC_NO_COMMON_BLOCKS = YES;
				GCC_WARN_64_TO_32_BIT_CONVERSION = YES;
				GCC_WARN_ABOUT_RETURN_TYPE = YES_ERROR;
				GCC_WARN_UNDECLARED_SELECTOR = YES;
				GCC_WARN_UNINITIALIZED_AUTOS = YES_AGGRESSIVE;
				GCC_WARN_UNUSED_FUNCTION = YES;
				GCC_WARN_UNUSED_VARIABLE = YES;
				IPHONEOS_DEPLOYMENT_TARGET = 9.3;
				MTL_ENABLE_DEBUG_INFO = NO;
				SDKROOT = iphoneos;
				VALIDATE_PRODUCT = YES;
			};
			name = Release;
		};
		DDEC5B3D1DE6817600DC3E05 /* Debug */ = {
			isa = XCBuildConfiguration;
			baseConfigurationReference = 575B54D26DAD680FD6DCCE77 /* Pods-books.debug.xcconfig */;
			buildSettings = {
				ASSETCATALOG_COMPILER_APPICON_NAME = AppIcon;
				ASSETCATALOG_COMPILER_LAUNCHIMAGE_NAME = LaunchImage;
				INFOPLIST_FILE = books/Info.plist;
				IPHONEOS_DEPLOYMENT_TARGET = 9.3;
				LD_RUNPATH_SEARCH_PATHS = "$(inherited) @executable_path/Frameworks";
				PRODUCT_BUNDLE_IDENTIFIER = one.lgy.books;
				PRODUCT_NAME = "$(TARGET_NAME)";
			};
			name = Debug;
		};
		DDEC5B3E1DE6817600DC3E05 /* Release */ = {
			isa = XCBuildConfiguration;
			baseConfigurationReference = C39D885524F74187B036F944 /* Pods-books.release.xcconfig */;
			buildSettings = {
				ASSETCATALOG_COMPILER_APPICON_NAME = AppIcon;
				ASSETCATALOG_COMPILER_LAUNCHIMAGE_NAME = LaunchImage;
				INFOPLIST_FILE = books/Info.plist;
				IPHONEOS_DEPLOYMENT_TARGET = 9.3;
				LD_RUNPATH_SEARCH_PATHS = "$(inherited) @executable_path/Frameworks";
				PRODUCT_BUNDLE_IDENTIFIER = one.lgy.books;
				PRODUCT_NAME = "$(TARGET_NAME)";
			};
			name = Release;
		};
		DDEC5B401DE6817600DC3E05 /* Debug */ = {
			isa = XCBuildConfiguration;
			buildSettings = {
				BUNDLE_LOADER = "$(TEST_HOST)";
				INFOPLIST_FILE = booksTests/Info.plist;
				LD_RUNPATH_SEARCH_PATHS = "$(inherited) @executable_path/Frameworks @loader_path/Frameworks";
				PRODUCT_BUNDLE_IDENTIFIER = one.lgy.booksTests;
				PRODUCT_NAME = "$(TARGET_NAME)";
				TEST_HOST = "$(BUILT_PRODUCTS_DIR)/books.app/books";
			};
			name = Debug;
		};
		DDEC5B411DE6817600DC3E05 /* Release */ = {
			isa = XCBuildConfiguration;
			buildSettings = {
				BUNDLE_LOADER = "$(TEST_HOST)";
				INFOPLIST_FILE = booksTests/Info.plist;
				LD_RUNPATH_SEARCH_PATHS = "$(inherited) @executable_path/Frameworks @loader_path/Frameworks";
				PRODUCT_BUNDLE_IDENTIFIER = one.lgy.booksTests;
				PRODUCT_NAME = "$(TARGET_NAME)";
				TEST_HOST = "$(BUILT_PRODUCTS_DIR)/books.app/books";
			};
			name = Release;
		};
		DDEC5B431DE6817600DC3E05 /* Debug */ = {
			isa = XCBuildConfiguration;
			buildSettings = {
				INFOPLIST_FILE = booksUITests/Info.plist;
				LD_RUNPATH_SEARCH_PATHS = "$(inherited) @executable_path/Frameworks @loader_path/Frameworks";
				PRODUCT_BUNDLE_IDENTIFIER = one.lgy.booksUITests;
				PRODUCT_NAME = "$(TARGET_NAME)";
				TEST_TARGET_NAME = books;
			};
			name = Debug;
		};
		DDEC5B441DE6817600DC3E05 /* Release */ = {
			isa = XCBuildConfiguration;
			buildSettings = {
				INFOPLIST_FILE = booksUITests/Info.plist;
				LD_RUNPATH_SEARCH_PATHS = "$(inherited) @executable_path/Frameworks @loader_path/Frameworks";
				PRODUCT_BUNDLE_IDENTIFIER = one.lgy.booksUITests;
				PRODUCT_NAME = "$(TARGET_NAME)";
				TEST_TARGET_NAME = books;
			};
			name = Release;
		};
/* End XCBuildConfiguration section */

/* Begin XCConfigurationList section */
		DDEC5B0F1DE6817600DC3E05 /* Build configuration list for PBXProject "books" */ = {
			isa = XCConfigurationList;
			buildConfigurations = (
				DDEC5B3A1DE6817600DC3E05 /* Debug */,
				DDEC5B3B1DE6817600DC3E05 /* Release */,
			);
			defaultConfigurationIsVisible = 0;
			defaultConfigurationName = Release;
		};
		DDEC5B3C1DE6817600DC3E05 /* Build configuration list for PBXNativeTarget "books" */ = {
			isa = XCConfigurationList;
			buildConfigurations = (
				DDEC5B3D1DE6817600DC3E05 /* Debug */,
				DDEC5B3E1DE6817600DC3E05 /* Release */,
			);
			defaultConfigurationIsVisible = 0;
			defaultConfigurationName = Release;
		};
		DDEC5B3F1DE6817600DC3E05 /* Build configuration list for PBXNativeTarget "booksTests" */ = {
			isa = XCConfigurationList;
			buildConfigurations = (
				DDEC5B401DE6817600DC3E05 /* Debug */,
				DDEC5B411DE6817600DC3E05 /* Release */,
			);
			defaultConfigurationIsVisible = 0;
			defaultConfigurationName = Release;
		};
		DDEC5B421DE6817600DC3E05 /* Build configuration list for PBXNativeTarget "booksUITests" */ = {
			isa = XCConfigurationList;
			buildConfigurations = (
				DDEC5B431DE6817600DC3E05 /* Debug */,
				DDEC5B441DE6817600DC3E05 /* Release */,
			);
			defaultConfigurationIsVisible = 0;
			defaultConfigurationName = Release;
		};
/* End XCConfigurationList section */
	};
	rootObject = DDEC5B0C1DE6817600DC3E05 /* Project object */;
}
